{
  "version": 4,
  "terraform_version": "1.10.2",
  "serial": 3,
  "lineage": "e911be80-bc4f-c5a9-a668-2cb5c04de4b9",
  "outputs": {},
  "resources": [
    {
      "mode": "managed",
      "type": "local_file",
      "name": "devops",
      "provider": "provider[\"registry.terraform.io/hashicorp/local\"]",
      "instances": [
        {
          "schema_version": 0,
          "attributes": {
            "content": "This is a DevOps file.",
            "content_base64": null,
            "content_base64sha256": "BYzGtPo4YOGZIUx5m0tHhEmZRUtgFb6dSN8MDC4F+yg=",
            "content_base64sha512": "wbKHVBssouIKDt6crRI2AFEaO9L4pBWUFZ0Obp0LbkzD55P97mOogdQeBoNxAdaZ9Xxth/all5b+8mBePdAAcA==",
            "content_md5": "9f6a84647d53bbc23c2d0532d6b56a15",
            "content_sha1": "9e8638944195a5f719758779a2bbeea60d5cb1a4",
            "content_sha256": "058cc6b4fa3860e199214c799b4b47844999454b6015be9d48df0c0c2e05fb28",
            "content_sha512": "c1b287541b2ca2e20a0ede9cad123600511a3bd2f8a41594159d0e6e9d0b6e4cc3e793fdee63a881d41e06837101d699f57c6d87f6a59796fef2605e3dd00070",
            "directory_permission": "0777",
            "file_permission": "0777",
            "filename": "/home/akash/Terrform/terraform-varibles/devops1test.txt",
            "id": "9e8638944195a5f719758779a2bbeea60d5cb1a4",
            "sensitive_content": null,
            "source": null
          },
          "sensitive_attributes": [
            [
              {
                "type": "get_attr",
                "value": "sensitive_content"
              }
            ]
          ]
        }
      ]
    },
    {
      "mode": "managed",
      "type": "local_file",
      "name": "devops-var",
      "provider": "provider[\"registry.terraform.io/hashicorp/local\"]",
      "instances": [
        {
          "schema_version": 0,
          "attributes": {
            "content": "this is auto-generated from variables",
            "content_base64": null,
            "content_base64sha256": "1GSpZlRAhj2ftNyPHf1lwGc6N+PJvevCn8W3WbDqc/A=",
            "content_base64sha512": "ZVCLiqerDiIyxJsnf9MVPhlvwqLiGIU+BX3orWuH3DU1TmagOKFFEIdQlQTxg1ABDzp7maxoNap9UTv7LYuQag==",
            "content_md5": "163d39f7c9b394572549cf54afeb46ee",
            "content_sha1": "f01b4859ec065473d3f846317f5fff6cd87c6e9b",
            "content_sha256": "d464a9665440863d9fb4dc8f1dfd65c0673a37e3c9bdebc29fc5b759b0ea73f0",
            "content_sha512": "65508b8aa7ab0e2232c49b277fd3153e196fc2a2e218853e057de8ad6b87dc35354e66a038a1451087509504f18350010f3a7b99ac6835aa7d513bfb2d8b906a",
            "directory_permission": "0777",
            "file_permission": "0777",
            "filename": "/home/akash/terraform/terraform-variables/devops-var.txt",
            "id": "f01b4859ec065473d3f846317f5fff6cd87c6e9b",
            "sensitive_content": null,
            "source": null
          },
          "sensitive_attributes": [
            [
              {
                "type": "get_attr",
                "value": "sensitive_content"
              }
            ]
          ]
        }
      ]
    }
  ],
  "check_results": null
}
